// !$*UTF8*$!
{
	archiveVersion = 1;
	classes = {
	};
	objectVersion = 56;
	objects = {

/* Begin PBXBuildFile section */
		840CF7592C2B03D90067189A /* LocationPreviewView.swift in Sources */ = {isa = PBXBuildFile; fileRef = 840CF7582C2B03D90067189A /* LocationPreviewView.swift */; };
		84A280B02C29CAFD004139AC /* iMapApp.swift in Sources */ = {isa = PBXBuildFile; fileRef = 84A280AF2C29CAFD004139AC /* iMapApp.swift */; };
		84A280B22C29CAFD004139AC /* ContentView.swift in Sources */ = {isa = PBXBuildFile; fileRef = 84A280B12C29CAFD004139AC /* ContentView.swift */; };
		84A280B72C29CAFE004139AC /* Preview Assets.xcassets in Resources */ = {isa = PBXBuildFile; fileRef = 84A280B62C29CAFE004139AC /* Preview Assets.xcassets */; };
		84A280BE2C29CB7A004139AC /* Assets.xcassets in Resources */ = {isa = PBXBuildFile; fileRef = 84A280BD2C29CB7A004139AC /* Assets.xcassets */; };
		84A280C32C29CBDE004139AC /* Location.swift in Sources */ = {isa = PBXBuildFile; fileRef = 84A280C22C29CBDE004139AC /* Location.swift */; };
		84A280C62C29CCC4004139AC /* LocationsDataService.swift in Sources */ = {isa = PBXBuildFile; fileRef = 84A280C52C29CCC4004139AC /* LocationsDataService.swift */; };
		84A280C82C29CF67004139AC /* LocationsView.swift in Sources */ = {isa = PBXBuildFile; fileRef = 84A280C72C29CF67004139AC /* LocationsView.swift */; };
		84A280CA2C29D241004139AC /* LocationsViewModel.swift in Sources */ = {isa = PBXBuildFile; fileRef = 84A280C92C29D241004139AC /* LocationsViewModel.swift */; };
		84A280CC2C29E491004139AC /* LocationsListView.swift in Sources */ = {isa = PBXBuildFile; fileRef = 84A280CB2C29E491004139AC /* LocationsListView.swift */; };
/* End PBXBuildFile section */

/* Begin PBXFileReference section */
		840CF7582C2B03D90067189A /* LocationPreviewView.swift */ = {isa = PBXFileReference; lastKnownFileType = sourcecode.swift; path = LocationPreviewView.swift; sourceTree = "<group>"; };
		84A280AC2C29CAFD004139AC /* iMap.app */ = {isa = PBXFileReference; explicitFileType = wrapper.application; includeInIndex = 0; path = iMap.app; sourceTree = BUILT_PRODUCTS_DIR; };
		84A280AF2C29CAFD004139AC /* iMapApp.swift */ = {isa = PBXFileReference; lastKnownFileType = sourcecode.swift; path = iMapApp.swift; sourceTree = "<group>"; };
		84A280B12C29CAFD004139AC /* ContentView.swift */ = {isa = PBXFileReference; lastKnownFileType = sourcecode.swift; path = ContentView.swift; sourceTree = "<group>"; };
		84A280B62C29CAFE004139AC /* Preview Assets.xcassets */ = {isa = PBXFileReference; lastKnownFileType = folder.assetcatalog; path = "Preview Assets.xcassets"; sourceTree = "<group>"; };
		84A280BD2C29CB7A004139AC /* Assets.xcassets */ = {isa = PBXFileReference; lastKnownFileType = folder.assetcatalog; path = Assets.xcassets; sourceTree = "<group>"; };
		84A280C22C29CBDE004139AC /* Location.swift */ = {isa = PBXFileReference; lastKnownFileType = sourcecode.swift; path = Location.swift; sourceTree = "<group>"; };
		84A280C52C29CCC4004139AC /* LocationsDataService.swift */ = {isa = PBXFileReference; fileEncoding = 4; lastKnownFileType = sourcecode.swift; path = LocationsDataService.swift; sourceTree = "<group>"; };
		84A280C72C29CF67004139AC /* LocationsView.swift */ = {isa = PBXFileReference; lastKnownFileType = sourcecode.swift; path = LocationsView.swift; sourceTree = "<group>"; };
		84A280C92C29D241004139AC /* LocationsViewModel.swift */ = {isa = PBXFileReference; lastKnownFileType = sourcecode.swift; path = LocationsViewModel.swift; sourceTree = "<group>"; };
		84A280CB2C29E491004139AC /* LocationsListView.swift */ = {isa = PBXFileReference; lastKnownFileType = sourcecode.swift; path = LocationsListView.swift; sourceTree = "<group>"; };
/* End PBXFileReference section */

/* Begin PBXFrameworksBuildPhase section */
		84A280A92C29CAFD004139AC /* Frameworks */ = {
			isa = PBXFrameworksBuildPhase;
			buildActionMask = 2147483647;
			files = (
			);
			runOnlyForDeploymentPostprocessing = 0;
		};
/* End PBXFrameworksBuildPhase section */

/* Begin PBXGroup section */
		84A280A32C29CAFD004139AC = {
			isa = PBXGroup;
			children = (
				84A280AE2C29CAFD004139AC /* iMap */,
				84A280AD2C29CAFD004139AC /* Products */,
			);
			sourceTree = "<group>";
		};
		84A280AD2C29CAFD004139AC /* Products */ = {
			isa = PBXGroup;
			children = (
				84A280AC2C29CAFD004139AC /* iMap.app */,
			);
			name = Products;
			sourceTree = "<group>";
		};
		84A280AE2C29CAFD004139AC /* iMap */ = {
			isa = PBXGroup;
			children = (
				84A280AF2C29CAFD004139AC /* iMapApp.swift */,
				84A280B12C29CAFD004139AC /* ContentView.swift */,
				84A280C42C29CCA7004139AC /* DataServices */,
				84A280BF2C29CBA6004139AC /* Models */,
				84A280C02C29CBAD004139AC /* Views */,
				84A280C12C29CBB8004139AC /* ViewModels */,
				84A280BD2C29CB7A004139AC /* Assets.xcassets */,
				84A280B52C29CAFE004139AC /* Preview Content */,
			);
			path = iMap;
			sourceTree = "<group>";
		};
		84A280B52C29CAFE004139AC /* Preview Content */ = {
			isa = PBXGroup;
			children = (
				84A280B62C29CAFE004139AC /* Preview Assets.xcassets */,
			);
			path = "Preview Content";
			sourceTree = "<group>";
		};
		84A280BF2C29CBA6004139AC /* Models */ = {
			isa = PBXGroup;
			children = (
				84A280C22C29CBDE004139AC /* Location.swift */,
			);
			path = Models;
			sourceTree = "<group>";
		};
		84A280C02C29CBAD004139AC /* Views */ = {
			isa = PBXGroup;
			children = (
				84A280C72C29CF67004139AC /* LocationsView.swift */,
				84A280CB2C29E491004139AC /* LocationsListView.swift */,
				840CF7582C2B03D90067189A /* LocationPreviewView.swift */,
			);
			path = Views;
			sourceTree = "<group>";
		};
		84A280C12C29CBB8004139AC /* ViewModels */ = {
			isa = PBXGroup;
			children = (
				84A280C92C29D241004139AC /* LocationsViewModel.swift */,
			);
			path = ViewModels;
			sourceTree = "<group>";
		};
		84A280C42C29CCA7004139AC /* DataServices */ = {
			isa = PBXGroup;
			children = (
				84A280C52C29CCC4004139AC /* LocationsDataService.swift */,
			);
			path = DataServices;
			sourceTree = "<group>";
		};
/* End PBXGroup section */

/* Begin PBXNativeTarget section */
		84A280AB2C29CAFD004139AC /* iMap */ = {
			isa = PBXNativeTarget;
			buildConfigurationList = 84A280BA2C29CAFE004139AC /* Build configuration list for PBXNativeTarget "iMap" */;
			buildPhases = (
				84A280A82C29CAFD004139AC /* Sources */,
				84A280A92C29CAFD004139AC /* Frameworks */,
				84A280AA2C29CAFD004139AC /* Resources */,
			);
			buildRules = (
			);
			dependencies = (
			);
			name = iMap;
			productName = iMap;
			productReference = 84A280AC2C29CAFD004139AC /* iMap.app */;
			productType = "com.apple.product-type.application";
		};
/* End PBXNativeTarget section */

/* Begin PBXProject section */
		84A280A42C29CAFD004139AC /* Project object */ = {
			isa = PBXProject;
			attributes = {
				BuildIndependentTargetsInParallel = 1;
				LastSwiftUpdateCheck = 1540;
				LastUpgradeCheck = 1540;
				TargetAttributes = {
					84A280AB2C29CAFD004139AC = {
						CreatedOnToolsVersion = 15.4;
					};
				};
			};
			buildConfigurationList = 84A280A72C29CAFD004139AC /* Build configuration list for PBXProject "iMap" */;
			compatibilityVersion = "Xcode 14.0";
			developmentRegion = en;
			hasScannedForEncodings = 0;
			knownRegions = (
				en,
				Base,
			);
			mainGroup = 84A280A32C29CAFD004139AC;
			productRefGroup = 84A280AD2C29CAFD004139AC /* Products */;
			projectDirPath = "";
			projectRoot = "";
			targets = (
				84A280AB2C29CAFD004139AC /* iMap */,
			);
		};
/* End PBXProject section */

/* Begin PBXResourcesBuildPhase section */
		84A280AA2C29CAFD004139AC /* Resources */ = {
			isa = PBXResourcesBuildPhase;
			buildActionMask = 2147483647;
			files = (
				84A280BE2C29CB7A004139AC /* Assets.xcassets in Resources */,
				84A280B72C29CAFE004139AC /* Preview Assets.xcassets in Resources */,
			);
			runOnlyForDeploymentPostprocessing = 0;
		};
/* End PBXResourcesBuildPhase section */

/* Begin PBXSourcesBuildPhase section */
		84A280A82C29CAFD004139AC /* Sources */ = {
			isa = PBXSourcesBuildPhase;
			buildActionMask = 2147483647;
			files = (
				84A280C62C29CCC4004139AC /* LocationsDataService.swift in Sources */,
				84A280CC2C29E491004139AC /* LocationsListView.swift in Sources */,
				840CF7592C2B03D90067189A /* LocationPreviewView.swift in Sources */,
				84A280CA2C29D241004139AC /* LocationsViewModel.swift in Sources */,
				84A280B22C29CAFD004139AC /* ContentView.swift in Sources */,
				84A280C82C29CF67004139AC /* LocationsView.swift in Sources */,
				84A280C32C29CBDE004139AC /* Location.swift in Sources */,
				84A280B02C29CAFD004139AC /* iMapApp.swift in Sources */,
			);
			runOnlyForDeploymentPostprocessing = 0;
		};
/* End PBXSourcesBuildPhase section */

/* Begin XCBuildConfiguration section */
		84A280B82C29CAFE004139AC /* Debug */ = {
			isa = XCBuildConfiguration;
			buildSettings = {
				ALWAYS_SEARCH_USER_PATHS = NO;
				ASSETCATALOG_COMPILER_GENERATE_SWIFT_ASSET_SYMBOL_EXTENSIONS = YES;
				CLANG_ANALYZER_NONNULL = YES;
				CLANG_ANALYZER_NUMBER_OBJECT_CONVERSION = YES_AGGRESSIVE;
				CLANG_CXX_LANGUAGE_STANDARD = "gnu++20";
				CLANG_ENABLE_MODULES = YES;
				CLANG_ENABLE_OBJC_ARC = YES;
				CLANG_ENABLE_OBJC_WEAK = YES;
				CLANG_WARN_BLOCK_CAPTURE_AUTORELEASING = YES;
				CLANG_WARN_BOOL_CONVERSION = YES;
				CLANG_WARN_COMMA = YES;
				CLANG_WARN_CONSTANT_CONVERSION = YES;
				CLANG_WARN_DEPRECATED_OBJC_IMPLEMENTATIONS = YES;
				CLANG_WARN_DIRECT_OBJC_ISA_USAGE = YES_ERROR;
				CLANG_WARN_DOCUMENTATION_COMMENTS = YES;
				CLANG_WARN_EMPTY_BODY = YES;
				CLANG_WARN_ENUM_CONVERSION = YES;
				CLANG_WARN_INFINITE_RECURSION = YES;
				CLANG_WARN_INT_CONVERSION = YES;
				CLANG_WARN_NON_LITERAL_NULL_CONVERSION = YES;
				CLANG_WARN_OBJC_IMPLICIT_RETAIN_SELF = YES;
				CLANG_WARN_OBJC_LITERAL_CONVERSION = YES;
				CLANG_WARN_OBJC_ROOT_CLASS = YES_ERROR;
				CLANG_WARN_QUOTED_INCLUDE_IN_FRAMEWORK_HEADER = YES;
				CLANG_WARN_RANGE_LOOP_ANALYSIS = YES;
				CLANG_WARN_STRICT_PROTOTYPES = YES;
				CLANG_WARN_SUSPICIOUS_MOVE = YES;
				CLANG_WARN_UNGUARDED_AVAILABILITY = YES_AGGRESSIVE;
				CLANG_WARN_UNREACHABLE_CODE = YES;
				CLANG_WARN__DUPLICATE_METHOD_MATCH = YES;
				COPY_PHASE_STRIP = NO;
				DEBUG_INFORMATION_FORMAT = dwarf;
				ENABLE_STRICT_OBJC_MSGSEND = YES;
				ENABLE_TESTABILITY = YES;
				ENABLE_USER_SCRIPT_SANDBOXING = YES;
				GCC_C_LANGUAGE_STANDARD = gnu17;
				GCC_DYNAMIC_NO_PIC = NO;
				GCC_NO_COMMON_BLOCKS = YES;
				GCC_OPTIMIZATION_LEVEL = 0;
				GCC_PREPROCESSOR_DEFINITIONS = (
					"DEBUG=1",
					"$(inherited)",
				);
				GCC_WARN_64_TO_32_BIT_CONVERSION = YES;
				GCC_WARN_ABOUT_RETURN_TYPE = YES_ERROR;
				GCC_WARN_UNDECLARED_SELECTOR = YES;
				GCC_WARN_UNINITIALIZED_AUTOS = YES_AGGRESSIVE;
				GCC_WARN_UNUSED_FUNCTION = YES;
				GCC_WARN_UNUSED_VARIABLE = YES;
				IPHONEOS_DEPLOYMENT_TARGET = 17.5;
				LOCALIZATION_PREFERS_STRING_CATALOGS = YES;
				MTL_ENABLE_DEBUG_INFO = INCLUDE_SOURCE;
				MTL_FAST_MATH = YES;
				ONLY_ACTIVE_ARCH = YES;
				SDKROOT = iphoneos;
				SWIFT_ACTIVE_COMPILATION_CONDITIONS = "DEBUG $(inherited)";
				SWIFT_OPTIMIZATION_LEVEL = "-Onone";
			};
			name = Debug;
		};
		84A280B92C29CAFE004139AC /* Release */ = {
			isa = XCBuildConfiguration;
			buildSettings = {
				ALWAYS_SEARCH_USER_PATHS = NO;
				ASSETCATALOG_COMPILER_GENERATE_SWIFT_ASSET_SYMBOL_EXTENSIONS = YES;
				CLANG_ANALYZER_NONNULL = YES;
				CLANG_ANALYZER_NUMBER_OBJECT_CONVERSION = YES_AGGRESSIVE;
				CLANG_CXX_LANGUAGE_STANDARD = "gnu++20";
				CLANG_ENABLE_MODULES = YES;
				CLANG_ENABLE_OBJC_ARC = YES;
				CLANG_ENABLE_OBJC_WEAK = YES;
				CLANG_WARN_BLOCK_CAPTURE_AUTORELEASING = YES;
				CLANG_WARN_BOOL_CONVERSION = YES;
				CLANG_WARN_COMMA = YES;
				CLANG_WARN_CONSTANT_CONVERSION = YES;
				CLANG_WARN_DEPRECATED_OBJC_IMPLEMENTATIONS = YES;
				CLANG_WARN_DIRECT_OBJC_ISA_USAGE = YES_ERROR;
				CLANG_WARN_DOCUMENTATION_COMMENTS = YES;
				CLANG_WARN_EMPTY_BODY = YES;
				CLANG_WARN_ENUM_CONVERSION = YES;
				CLANG_WARN_INFINITE_RECURSION = YES;
				CLANG_WARN_INT_CONVERSION = YES;
				CLANG_WARN_NON_LITERAL_NULL_CONVERSION = YES;
				CLANG_WARN_OBJC_IMPLICIT_RETAIN_SELF = YES;
				CLANG_WARN_OBJC_LITERAL_CONVERSION = YES;
				CLANG_WARN_OBJC_ROOT_CLASS = YES_ERROR;
				CLANG_WARN_QUOTED_INCLUDE_IN_FRAMEWORK_HEADER = YES;
				CLANG_WARN_RANGE_LOOP_ANALYSIS = YES;
				CLANG_WARN_STRICT_PROTOTYPES = YES;
				CLANG_WARN_SUSPICIOUS_MOVE = YES;
				CLANG_WARN_UNGUARDED_AVAILABILITY = YES_AGGRESSIVE;
				CLANG_WARN_UNREACHABLE_CODE = YES;
				CLANG_WARN__DUPLICATE_METHOD_MATCH = YES;
				COPY_PHASE_STRIP = NO;
				DEBUG_INFORMATION_FORMAT = "dwarf-with-dsym";
				ENABLE_NS_ASSERTIONS = NO;
				ENABLE_STRICT_OBJC_MSGSEND = YES;
				ENABLE_USER_SCRIPT_SANDBOXING = YES;
				GCC_C_LANGUAGE_STANDARD = gnu17;
				GCC_NO_COMMON_BLOCKS = YES;
				GCC_WARN_64_TO_32_BIT_CONVERSION = YES;
				GCC_WARN_ABOUT_RETURN_TYPE = YES_ERROR;
				GCC_WARN_UNDECLARED_SELECTOR = YES;
				GCC_WARN_UNINITIALIZED_AUTOS = YES_AGGRESSIVE;
				GCC_WARN_UNUSED_FUNCTION = YES;
				GCC_WARN_UNUSED_VARIABLE = YES;
				IPHONEOS_DEPLOYMENT_TARGET = 17.5;
				LOCALIZATION_PREFERS_STRING_CATALOGS = YES;
				MTL_ENABLE_DEBUG_INFO = NO;
				MTL_FAST_MATH = YES;
				SDKROOT = iphoneos;
				SWIFT_COMPILATION_MODE = wholemodule;
				VALIDATE_PRODUCT = YES;
			};
			name = Release;
		};
		84A280BB2C29CAFE004139AC /* Debug */ = {
			isa = XCBuildConfiguration;
			buildSettings = {
				ASSETCATALOG_COMPILER_APPICON_NAME = AppIcon;
				ASSETCATALOG_COMPILER_GLOBAL_ACCENT_COLOR_NAME = AccentColor;
				CODE_SIGN_STYLE = Automatic;
				CURRENT_PROJECT_VERSION = 1;
				DEVELOPMENT_ASSET_PATHS = "\"iMap/Preview Content\"";
				DEVELOPMENT_TEAM = ZQ7FA3QJBQ;
				ENABLE_PREVIEWS = YES;
				GENERATE_INFOPLIST_FILE = YES;
				INFOPLIST_KEY_UIApplicationSceneManifest_Generation = YES;
				INFOPLIST_KEY_UIApplicationSupportsIndirectInputEvents = YES;
				INFOPLIST_KEY_UILaunchScreen_Generation = YES;
				INFOPLIST_KEY_UISupportedInterfaceOrientations_iPad = "UIInterfaceOrientationPortrait UIInterfaceOrientationPortraitUpsideDown UIInterfaceOrientationLandscapeLeft UIInterfaceOrientationLandscapeRight";
				INFOPLIST_KEY_UISupportedInterfaceOrientations_iPhone = "UIInterfaceOrientationPortrait UIInterfaceOrientationLandscapeLeft UIInterfaceOrientationLandscapeRight";
				LD_RUNPATH_SEARCH_PATHS = (
					"$(inherited)",
					"@executable_path/Frameworks",
				);
				MARKETING_VERSION = 1.0;
				PRODUCT_BUNDLE_IDENTIFIER = com.mateuszkrowczynski.iMap;
				PRODUCT_NAME = "$(TARGET_NAME)";
				SWIFT_EMIT_LOC_STRINGS = YES;
				SWIFT_VERSION = 5.0;
				TARGETED_DEVICE_FAMILY = "1,2";
			};
			name = Debug;
		};
		84A280BC2C29CAFE004139AC /* Release */ = {
			isa = XCBuildConfiguration;
			buildSettings = {
				ASSETCATALOG_COMPILER_APPICON_NAME = AppIcon;
				ASSETCATALOG_COMPILER_GLOBAL_ACCENT_COLOR_NAME = AccentColor;
				CODE_SIGN_STYLE = Automatic;
				CURRENT_PROJECT_VERSION = 1;
				DEVELOPMENT_ASSET_PATHS = "\"iMap/Preview Content\"";
				DEVELOPMENT_TEAM = ZQ7FA3QJBQ;
				ENABLE_PREVIEWS = YES;
				GENERATE_INFOPLIST_FILE = YES;
				INFOPLIST_KEY_UIApplicationSceneManifest_Generation = YES;
				INFOPLIST_KEY_UIApplicationSupportsIndirectInputEvents = YES;
				INFOPLIST_KEY_UILaunchScreen_Generation = YES;
				INFOPLIST_KEY_UISupportedInterfaceOrientations_iPad = "UIInterfaceOrientationPortrait UIInterfaceOrientationPortraitUpsideDown UIInterfaceOrientationLandscapeLeft UIInterfaceOrientationLandscapeRight";
				INFOPLIST_KEY_UISupportedInterfaceOrientations_iPhone = "UIInterfaceOrientationPortrait UIInterfaceOrientationLandscapeLeft UIInterfaceOrientationLandscapeRight";
				LD_RUNPATH_SEARCH_PATHS = (
					"$(inherited)",
					"@executable_path/Frameworks",
				);
				MARKETING_VERSION = 1.0;
				PRODUCT_BUNDLE_IDENTIFIER = com.mateuszkrowczynski.iMap;
				PRODUCT_NAME = "$(TARGET_NAME)";
				SWIFT_EMIT_LOC_STRINGS = YES;
				SWIFT_VERSION = 5.0;
				TARGETED_DEVICE_FAMILY = "1,2";
			};
			name = Release;
		};
/* End XCBuildConfiguration section */

/* Begin XCConfigurationList section */
		84A280A72C29CAFD004139AC /* Build configuration list for PBXProject "iMap" */ = {
			isa = XCConfigurationList;
			buildConfigurations = (
				84A280B82C29CAFE004139AC /* Debug */,
				84A280B92C29CAFE004139AC /* Release */,
			);
			defaultConfigurationIsVisible = 0;
			defaultConfigurationName = Release;
		};
		84A280BA2C29CAFE004139AC /* Build configuration list for PBXNativeTarget "iMap" */ = {
			isa = XCConfigurationList;
			buildConfigurations = (
				84A280BB2C29CAFE004139AC /* Debug */,
				84A280BC2C29CAFE004139AC /* Release */,
			);
			defaultConfigurationIsVisible = 0;
			defaultConfigurationName = Release;
		};
/* End XCConfigurationList section */
	};
	rootObject = 84A280A42C29CAFD004139AC /* Project object */;
}
